
Microsoft Visual Studio Solution File, Format Version 12.00
# Visual Studio Version 17
VisualStudioVersion = 17.10.34928.147
MinimumVisualStudioVersion = 10.0.40219.1
Project("{FAE04EC0-301F-11D3-BF4B-00C04F79EFBC}") = "IKProje", "IKProje.csproj", "{EB84CAF6-B94B-4B99-A8D3-4614764264FB}"
EndProject
Global
	GlobalSection(SolutionConfigurationPlatforms) = preSolution
		Debug|Any CPU = Debug|Any CPU
		Release|Any CPU = Release|Any CPU
	EndGlobalSection
	GlobalSection(ProjectConfigurationPlatforms) = postSolution
		{EB84CAF6-B94B-4B99-A8D3-4614764264FB}.Debug|Any CPU.ActiveCfg = Debug|Any CPU
		{EB84CAF6-B94B-4B99-A8D3-4614764264FB}.Debug|Any CPU.Build.0 = Debug|Any CPU
		{EB84CAF6-B94B-4B99-A8D3-4614764264FB}.Release|Any CPU.ActiveCfg = Release|Any CPU
		{EB84CAF6-B94B-4B99-A8D3-4614764264FB}.Release|Any CPU.Build.0 = Release|Any CPU
	EndGlobalSection
	GlobalSection(SolutionProperties) = preSolution
		HideSolutionNode = FALSE
	EndGlobalSection
	GlobalSection(ExtensibilityGlobals) = postSolution
		SolutionGuid = {46A09454-3151-405E-B93A-CA4B51B83FA8}
	EndGlobalSection
EndGlobal
